
Microsoft Visual Studio Solution File, Format Version 12.00
# Visual Studio Version 16
VisualStudioVersion = 16.0.29728.190
MinimumVisualStudioVersion = 10.0.40219.1
Project("{9A19103F-16F7-4668-BE54-9A1E7A4F7556}") = "controller", "controller.csproj", "{DA320267-826A-4130-B6A1-14A502A2D619}"
EndProject
Global
	GlobalSection(SolutionConfigurationPlatforms) = preSolution
		Debug|Any CPU = Debug|Any CPU
		Release|Any CPU = Release|Any CPU
	EndGlobalSection
	GlobalSection(ProjectConfigurationPlatforms) = postSolution
		{DA320267-826A-4130-B6A1-14A502A2D619}.Debug|Any CPU.ActiveCfg = Debug|Any CPU
		{DA320267-826A-4130-B6A1-14A502A2D619}.Debug|Any CPU.Build.0 = Debug|Any CPU
		{DA320267-826A-4130-B6A1-14A502A2D619}.Release|Any CPU.ActiveCfg = Release|Any CPU
		{DA320267-826A-4130-B6A1-14A502A2D619}.Release|Any CPU.Build.0 = Release|Any CPU
	EndGlobalSection
	GlobalSection(SolutionProperties) = preSolution
		HideSolutionNode = FALSE
	EndGlobalSection
	GlobalSection(ExtensibilityGlobals) = postSolution
		SolutionGuid = {05B1CCF8-68FB-481A-BD64-98B38A2D990C}
	EndGlobalSection
EndGlobal
