
Microsoft Visual Studio Solution File, Format Version 12.00
# Visual Studio Version 16
VisualStudioVersion = 16.0.29728.190
MinimumVisualStudioVersion = 10.0.40219.1
Project("{FAE04EC0-301F-11D3-BF4B-00C04F79EFBC}") = "pages", "pages.csproj", "{468D30F3-BCA0-4DAD-9C6C-216D4962764B}"
EndProject
Global
	GlobalSection(SolutionConfigurationPlatforms) = preSolution
		Debug|Any CPU = Debug|Any CPU
		Release|Any CPU = Release|Any CPU
	EndGlobalSection
	GlobalSection(ProjectConfigurationPlatforms) = postSolution
		{468D30F3-BCA0-4DAD-9C6C-216D4962764B}.Debug|Any CPU.ActiveCfg = Debug|Any CPU
		{468D30F3-BCA0-4DAD-9C6C-216D4962764B}.Debug|Any CPU.Build.0 = Debug|Any CPU
		{468D30F3-BCA0-4DAD-9C6C-216D4962764B}.Release|Any CPU.ActiveCfg = Release|Any CPU
		{468D30F3-BCA0-4DAD-9C6C-216D4962764B}.Release|Any CPU.Build.0 = Release|Any CPU
	EndGlobalSection
	GlobalSection(SolutionProperties) = preSolution
		HideSolutionNode = FALSE
	EndGlobalSection
	GlobalSection(ExtensibilityGlobals) = postSolution
		SolutionGuid = {08A3269E-127E-46DD-AD08-962FABECB5FB}
	EndGlobalSection
EndGlobal
